
Microsoft Visual Studio Solution File, Format Version 12.00
# Visual Studio Version 16
VisualStudioVersion = 16.0.30523.141
MinimumVisualStudioVersion = 10.0.40219.1
Project("{FAE04EC0-301F-11D3-BF4B-00C04F79EFBC}") = "OnlineRandevuSistemi", "OnlineRandevuSistemi.csproj", "{04CE7DCF-25F1-4CC2-91B9-0724F734EAE1}"
EndProject
Global
	GlobalSection(SolutionConfigurationPlatforms) = preSolution
		Debug|Any CPU = Debug|Any CPU
		Release|Any CPU = Release|Any CPU
	EndGlobalSection
	GlobalSection(ProjectConfigurationPlatforms) = postSolution
		{04CE7DCF-25F1-4CC2-91B9-0724F734EAE1}.Debug|Any CPU.ActiveCfg = Debug|Any CPU
		{04CE7DCF-25F1-4CC2-91B9-0724F734EAE1}.Debug|Any CPU.Build.0 = Debug|Any CPU
		{04CE7DCF-25F1-4CC2-91B9-0724F734EAE1}.Release|Any CPU.ActiveCfg = Release|Any CPU
		{04CE7DCF-25F1-4CC2-91B9-0724F734EAE1}.Release|Any CPU.Build.0 = Release|Any CPU
	EndGlobalSection
	GlobalSection(SolutionProperties) = preSolution
		HideSolutionNode = FALSE
	EndGlobalSection
	GlobalSection(ExtensibilityGlobals) = postSolution
		SolutionGuid = {E3C92FD0-4564-4396-9D5C-192B9571A6CF}
	EndGlobalSection
EndGlobal
